
Microsoft Visual Studio Solution File, Format Version 12.00
Project("{FAE04EC0-301F-11D3-BF4B-00C04F79EFBC}") = "NavithorSimulator", "NavithorSimulator\NavithorSimulator.csproj", "{BC9D5826-06F1-4BEA-B078-2B8C712B7057}"
EndProject
Project("{FAE04EC0-301F-11D3-BF4B-00C04F79EFBC}") = "DatabaseContext", "DatabaseContext\DatabaseContext.csproj", "{32BF82EF-E1AA-4BFB-81C0-9861C1D80DAD}"
EndProject
Project("{FAE04EC0-301F-11D3-BF4B-00C04F79EFBC}") = "TcpServer", "TcpServer\TcpServer.csproj", "{54D36B93-CE0D-41D3-90AF-F9FFE4053E28}"
EndProject
Project("{FAE04EC0-301F-11D3-BF4B-00C04F79EFBC}") = "common", "common\common.csproj", "{2797D954-2618-4644-8BEB-8FA3CF5DF920}"
EndProject
Project("{FAE04EC0-301F-11D3-BF4B-00C04F79EFBC}") = "Receiving", "Receiving\Receiving.csproj", "{3984B93E-48CF-41B8-883A-EC713B024967}"
EndProject
Project("{2150E333-8FDC-42A3-9474-1A3956D46DE8}") = "01 Domain", "01 Domain", "{5F3F98E4-158F-43E5-B547-563EFD49D584}"
EndProject
Project("{2150E333-8FDC-42A3-9474-1A3956D46DE8}") = "02 Application", "02 Application", "{F684008B-CFA6-48BA-908C-4115FA6AC9C4}"
EndProject
Project("{2150E333-8FDC-42A3-9474-1A3956D46DE8}") = "03 Infrastructure", "03 Infrastructure", "{0B0E8E60-A10B-49C7-BD3E-3751487D92F3}"
EndProject
Project("{2150E333-8FDC-42A3-9474-1A3956D46DE8}") = "03 Presentation", "03 Presentation", "{1BC8C23D-345C-4A54-9316-60CFAB7D03B1}"
EndProject
Project("{FAE04EC0-301F-11D3-BF4B-00C04F79EFBC}") = "Presentation.WebApi", "Presentation.WebApi\Presentation.WebApi.csproj", "{228830BF-FCB5-43B5-B3AC-4C899D5EF3A8}"
EndProject
Global
	GlobalSection(SolutionConfigurationPlatforms) = preSolution
		Debug|Any CPU = Debug|Any CPU
		Release|Any CPU = Release|Any CPU
	EndGlobalSection
	GlobalSection(ProjectConfigurationPlatforms) = postSolution
		{BC9D5826-06F1-4BEA-B078-2B8C712B7057}.Debug|Any CPU.ActiveCfg = Debug|Any CPU
		{BC9D5826-06F1-4BEA-B078-2B8C712B7057}.Debug|Any CPU.Build.0 = Debug|Any CPU
		{BC9D5826-06F1-4BEA-B078-2B8C712B7057}.Release|Any CPU.ActiveCfg = Release|Any CPU
		{BC9D5826-06F1-4BEA-B078-2B8C712B7057}.Release|Any CPU.Build.0 = Release|Any CPU
		{32BF82EF-E1AA-4BFB-81C0-9861C1D80DAD}.Debug|Any CPU.ActiveCfg = Debug|Any CPU
		{32BF82EF-E1AA-4BFB-81C0-9861C1D80DAD}.Debug|Any CPU.Build.0 = Debug|Any CPU
		{32BF82EF-E1AA-4BFB-81C0-9861C1D80DAD}.Release|Any CPU.ActiveCfg = Release|Any CPU
		{32BF82EF-E1AA-4BFB-81C0-9861C1D80DAD}.Release|Any CPU.Build.0 = Release|Any CPU
		{54D36B93-CE0D-41D3-90AF-F9FFE4053E28}.Debug|Any CPU.ActiveCfg = Debug|Any CPU
		{54D36B93-CE0D-41D3-90AF-F9FFE4053E28}.Debug|Any CPU.Build.0 = Debug|Any CPU
		{54D36B93-CE0D-41D3-90AF-F9FFE4053E28}.Release|Any CPU.ActiveCfg = Release|Any CPU
		{54D36B93-CE0D-41D3-90AF-F9FFE4053E28}.Release|Any CPU.Build.0 = Release|Any CPU
		{2797D954-2618-4644-8BEB-8FA3CF5DF920}.Debug|Any CPU.ActiveCfg = Debug|Any CPU
		{2797D954-2618-4644-8BEB-8FA3CF5DF920}.Debug|Any CPU.Build.0 = Debug|Any CPU
		{2797D954-2618-4644-8BEB-8FA3CF5DF920}.Release|Any CPU.ActiveCfg = Release|Any CPU
		{2797D954-2618-4644-8BEB-8FA3CF5DF920}.Release|Any CPU.Build.0 = Release|Any CPU
		{3984B93E-48CF-41B8-883A-EC713B024967}.Debug|Any CPU.ActiveCfg = Debug|Any CPU
		{3984B93E-48CF-41B8-883A-EC713B024967}.Debug|Any CPU.Build.0 = Debug|Any CPU
		{3984B93E-48CF-41B8-883A-EC713B024967}.Release|Any CPU.ActiveCfg = Release|Any CPU
		{3984B93E-48CF-41B8-883A-EC713B024967}.Release|Any CPU.Build.0 = Release|Any CPU
		{228830BF-FCB5-43B5-B3AC-4C899D5EF3A8}.Debug|Any CPU.ActiveCfg = Debug|Any CPU
		{228830BF-FCB5-43B5-B3AC-4C899D5EF3A8}.Debug|Any CPU.Build.0 = Debug|Any CPU
		{228830BF-FCB5-43B5-B3AC-4C899D5EF3A8}.Release|Any CPU.ActiveCfg = Release|Any CPU
		{228830BF-FCB5-43B5-B3AC-4C899D5EF3A8}.Release|Any CPU.Build.0 = Release|Any CPU
	EndGlobalSection
	GlobalSection(NestedProjects) = preSolution
		{54D36B93-CE0D-41D3-90AF-F9FFE4053E28} = {0B0E8E60-A10B-49C7-BD3E-3751487D92F3}
		{3984B93E-48CF-41B8-883A-EC713B024967} = {5F3F98E4-158F-43E5-B547-563EFD49D584}
		{32BF82EF-E1AA-4BFB-81C0-9861C1D80DAD} = {5F3F98E4-158F-43E5-B547-563EFD49D584}
		{BC9D5826-06F1-4BEA-B078-2B8C712B7057} = {5F3F98E4-158F-43E5-B547-563EFD49D584}
		{228830BF-FCB5-43B5-B3AC-4C899D5EF3A8} = {1BC8C23D-345C-4A54-9316-60CFAB7D03B1}
	EndGlobalSection
EndGlobal
